
Microsoft Visual Studio Solution File, Format Version 12.00
# Visual Studio 15
VisualStudioVersion = 15.0.27703.1
MinimumVisualStudioVersion = 10.0.40219.1
Project("{FAE04EC0-301F-11D3-BF4B-00C04F79EFBC}") = "MainFact", "MainFact\MainFact.csproj", "{D4D30FEF-5498-495B-9199-5F3A0B5F0698}"
EndProject
Global
	GlobalSection(SolutionConfigurationPlatforms) = preSolution
		Debug|Any CPU = Debug|Any CPU
		Release|Any CPU = Release|Any CPU
	EndGlobalSection
	GlobalSection(ProjectConfigurationPlatforms) = postSolution
		{D4D30FEF-5498-495B-9199-5F3A0B5F0698}.Debug|Any CPU.ActiveCfg = Debug|Any CPU
		{D4D30FEF-5498-495B-9199-5F3A0B5F0698}.Debug|Any CPU.Build.0 = Debug|Any CPU
		{D4D30FEF-5498-495B-9199-5F3A0B5F0698}.Release|Any CPU.ActiveCfg = Release|Any CPU
		{D4D30FEF-5498-495B-9199-5F3A0B5F0698}.Release|Any CPU.Build.0 = Release|Any CPU
	EndGlobalSection
	GlobalSection(SolutionProperties) = preSolution
		HideSolutionNode = FALSE
	EndGlobalSection
	GlobalSection(ExtensibilityGlobals) = postSolution
		SolutionGuid = {8B8B6D3E-9573-4707-ABB5-648C340914E9}
	EndGlobalSection
EndGlobal
